{
  "lockfileVersion": 1,
  "workspaces": {
    "": {
      "name": "server",
      "dependencies": {
        "@types/nodemailer": "^6.4.17",
        "bun": "^1.2.9",
        "nodemailer": "^6.10.0",
      },
      "devDependencies": {
        "@types/bun": "^1.2.9",
      },
      "peerDependencies": {
        "typescript": "^5",
      },
    },
  },
  "packages": {
    "@oven/bun-darwin-aarch64": ["@oven/bun-darwin-aarch64@1.2.9", "", { "os": "darwin", "cpu": "arm64" }, "sha512-A190s6twmzNE6KGVoUxEDQaSebXUY0bTYXUwnAqTWpE/LxkkDZ7VLhDKxe0nqiDOWStSTTXpfZcFp5T2D6c8iQ=="],

    "@oven/bun-darwin-x64": ["@oven/bun-darwin-x64@1.2.9", "", { "os": "darwin", "cpu": "x64" }, "sha512-s3unmXAPwhaZYpPWoiHb5X6Kxgl7sehf8AB+VQFr85WCaOZoqZhsFl4GzC9G06cdt8pBLxo6l5lI9bi4YmRFBw=="],

    "@oven/bun-darwin-x64-baseline": ["@oven/bun-darwin-x64-baseline@1.2.9", "", { "os": "darwin", "cpu": "x64" }, "sha512-iCqYZJ1lLlAirNoidH/nAx8Rg8WXoUs/8BjkMaCfjJG99YXSU00LH39MuxJQDRKlgKnd7IWQNJAluPuuB7j1Tw=="],

    "@oven/bun-linux-aarch64": ["@oven/bun-linux-aarch64@1.2.9", "", { "os": "linux", "cpu": "arm64" }, "sha512-tyf8g3H+/CLyItST7/UKkLpRawViaBwroOAOVo0KB4fK+d8WZTDZdHJK9reifs7wwOWhgNrARakPV3d7Sj01HQ=="],

    "@oven/bun-linux-aarch64-musl": ["@oven/bun-linux-aarch64-musl@1.2.9", "", { "os": "linux", "cpu": "none" }, "sha512-IUA/5zR0FqWF6vwg7Ad9gFRbuu/uqGtoNyuq+mcfxZI1HhG0LKWVciuyXe0rpQ9Eno0YkEjcr2z271NTDyeNWg=="],

    "@oven/bun-linux-x64": ["@oven/bun-linux-x64@1.2.9", "", { "os": "linux", "cpu": "x64" }, "sha512-FoTJmItasGca/GDpwsBPTCbzxGngSgtbXxuV8JjQYDr4YeoRGt6Upc3FH7UV9uBBwxRRYb9sdvyqge1u+Pf/rQ=="],

    "@oven/bun-linux-x64-baseline": ["@oven/bun-linux-x64-baseline@1.2.9", "", { "os": "linux", "cpu": "x64" }, "sha512-OSa6e8fCgNO8AtM6OL2Tgav+/DiJ5aRuzvAy4lLWQWkmGuzbCqLz/+nJqRrpfL6ALAFDg66ucx8GMa0w2bL4+g=="],

    "@oven/bun-linux-x64-musl": ["@oven/bun-linux-x64-musl@1.2.9", "", { "os": "linux", "cpu": "x64" }, "sha512-xvoKSGzBCeTwNkLnkKlAv1xDw+HCACrUctMXx0eyWr0in/hcsG10QIfeCqec32xdunPLtOPSHv2H1CHO10LB0A=="],

    "@oven/bun-linux-x64-musl-baseline": ["@oven/bun-linux-x64-musl-baseline@1.2.9", "", { "os": "linux", "cpu": "x64" }, "sha512-/ZEVcz3RQIazmT9825t9+/rckUOz8vSosq4FylE4JCWmTJtQWnrbCYbC7VwdO8XLcf8iFuCM+o0pXkMKch/4iw=="],

    "@oven/bun-windows-x64": ["@oven/bun-windows-x64@1.2.9", "", { "os": "win32", "cpu": "x64" }, "sha512-jAcIc+NBBzw0VQc+mx/Xwqiv3aubGiXMakYUcr40HpTiuokVn0Kl/U4SKt0IQ12l1wxBpfd6nIwKaXH6Yb3p8w=="],

    "@oven/bun-windows-x64-baseline": ["@oven/bun-windows-x64-baseline@1.2.9", "", { "os": "win32", "cpu": "x64" }, "sha512-PhcIgGkcJwylH5MgRidgnMfIELT7a7ikOIbjFkkMTVetm3K1j4U1K2aH9paBrWVs6K57088E2CItCM0rvQd1QQ=="],

    "@types/bun": ["@types/bun@1.2.9", "", { "dependencies": { "bun-types": "1.2.9" } }, "sha512-epShhLGQYc4Bv/aceHbmBhOz1XgUnuTZgcxjxk+WXwNyDXavv5QHD1QEFV0FwbTSQtNq6g4ZcV6y0vZakTjswg=="],

    "@types/node": ["@types/node@22.14.0", "", { "dependencies": { "undici-types": "~6.21.0" } }, "sha512-Kmpl+z84ILoG+3T/zQFyAJsU6EPTmOCj8/2+83fSN6djd6I4o7uOuGIH6vq3PrjY5BGitSbFuMN18j3iknubbA=="],

    "@types/nodemailer": ["@types/nodemailer@6.4.17", "", { "dependencies": { "@types/node": "*" } }, "sha512-I9CCaIp6DTldEg7vyUTZi8+9Vo0hi1/T8gv3C89yk1rSAAzoKQ8H8ki/jBYJSFoH/BisgLP8tkZMlQ91CIquww=="],

    "@types/ws": ["@types/ws@8.18.1", "", { "dependencies": { "@types/node": "*" } }, "sha512-ThVF6DCVhA8kUGy+aazFQ4kXQ7E1Ty7A3ypFOe0IcJV8O/M511G99AW24irKrW56Wt44yG9+ij8FaqoBGkuBXg=="],

    "bun": ["bun@1.2.9", "", { "optionalDependencies": { "@oven/bun-darwin-aarch64": "1.2.9", "@oven/bun-darwin-x64": "1.2.9", "@oven/bun-darwin-x64-baseline": "1.2.9", "@oven/bun-linux-aarch64": "1.2.9", "@oven/bun-linux-aarch64-musl": "1.2.9", "@oven/bun-linux-x64": "1.2.9", "@oven/bun-linux-x64-baseline": "1.2.9", "@oven/bun-linux-x64-musl": "1.2.9", "@oven/bun-linux-x64-musl-baseline": "1.2.9", "@oven/bun-windows-x64": "1.2.9", "@oven/bun-windows-x64-baseline": "1.2.9" }, "os": [ "linux", "win32", "darwin", ], "cpu": [ "x64", "arm64", ], "bin": { "bun": "bin/bun.exe", "bunx": "bin/bun.exe" } }, "sha512-4l1MnbCk2aEDeyJPs8+St6XsVPwkQvq7XTHG501e7pdFOWvWCy9shfxsHtBwYzmT82gdvx9//AL4qStYfYMO4Q=="],

    "bun-types": ["bun-types@1.2.9", "", { "dependencies": { "@types/node": "*", "@types/ws": "*" } }, "sha512-dk/kOEfQbajENN/D6FyiSgOKEuUi9PWfqKQJEgwKrCMWbjS/S6tEXp178mWvWAcUSYm9ArDlWHZKO3T/4cLXiw=="],

    "nodemailer": ["nodemailer@6.10.0", "", {}, "sha512-SQ3wZCExjeSatLE/HBaXS5vqUOQk6GtBdIIKxiFdmm01mOQZX/POJkO3SUX1wDiYcwUOJwT23scFSC9fY2H8IA=="],

    "typescript": ["typescript@5.8.3", "", { "bin": { "tsc": "bin/tsc", "tsserver": "bin/tsserver" } }, "sha512-p1diW6TqL9L07nNxvRMM7hMMw4c5XOo/1ibL4aAIGmSAt9slTE1Xgw5KWuof2uTOvCg9BY7ZRi+GaF+7sfgPeQ=="],

    "undici-types": ["undici-types@6.21.0", "", {}, "sha512-iwDZqg0QAGrg9Rav5H4n0M64c3mkR59cJ6wQp+7C4nI0gsmExaedaYLNO44eT4AtBBwjbTiGPMlt2Md0T9H9JQ=="],
  }
}
